{
  "name": "runtime_node",
  "version": "1.0.0",
  "lockfileVersion": 3,
  "requires": true,
  "packages": {
    "": {
      "name": "runtime_node",
      "version": "1.0.0",
      "license": "ISC",
      "dependencies": {
        "@zsqk/crc64": "npm:@jsr/zsqk__crc64@^0.1.8"
      }
    },
    "node_modules/@zsqk/crc64": {
      "name": "@jsr/zsqk__crc64",
      "version": "0.1.8",
      "resolved": "https://npm.jsr.io/~/11/@jsr/zsqk__crc64/0.1.8.tgz",
      "integrity": "sha512-cLw+ABHWl2ohYT9oep4tMP2GIEYQEwg4+jMVeXtLzUrk5IxPfLqJD0M9sn9+x/6wt6lnK+ARf79kgP/3aHevdw=="
    }
  }
}
