{
  "version": "5",
  "specifiers": {
    "jsr:@zsqk/crc64@~0.1.11": "0.1.11"
  },
  "jsr": {
    "@zsqk/crc64@0.1.11": {
      "integrity": "502874314bae9046c98df61113ec5d73fb6cdd4c5a104758460aecfd872320b1"
    }
  },
  "workspace": {
    "dependencies": [
      "jsr:@zsqk/crc64@~0.1.11"
    ]
  }
}
