{
  "version": "5",
  "specifiers": {
    "jsr:@std/encoding@^1.0.10": "1.0.10",
    "jsr:@zsqk/crc64@~0.3.1": "0.3.1"
  },
  "jsr": {
    "@std/encoding@1.0.10": {
      "integrity": "8783c6384a2d13abd5e9e87a7ae0520a30e9f56aeeaa3bdf910a3eaaf5c811a1"
    },
    "@zsqk/crc64@0.3.1": {
      "integrity": "f75a814bf121a0a7bfdd3142813a58b6df045338e485d11591c2432c824900c5",
      "dependencies": [
        "jsr:@std/encoding"
      ]
    }
  },
  "workspace": {
    "dependencies": [
      "jsr:@zsqk/crc64@~0.3.1"
    ]
  }
}
